
Microsoft Visual Studio Solution File, Format Version 12.00
# Visual Studio Version 16
VisualStudioVersion = 16.0.31205.134
MinimumVisualStudioVersion = 10.0.40219.1
Project("{FAE04EC0-301F-11D3-BF4B-00C04F79EFBC}") = "NLogDemo", "NLogDemo\NLogDemo.csproj", "{DDBB1BF7-D022-4505-A442-EBE1D8919493}"
EndProject
Global
	GlobalSection(SolutionConfigurationPlatforms) = preSolution
		Debug|Any CPU = Debug|Any CPU
		Release|Any CPU = Release|Any CPU
	EndGlobalSection
	GlobalSection(ProjectConfigurationPlatforms) = postSolution
		{DDBB1BF7-D022-4505-A442-EBE1D8919493}.Debug|Any CPU.ActiveCfg = Debug|Any CPU
		{DDBB1BF7-D022-4505-A442-EBE1D8919493}.Debug|Any CPU.Build.0 = Debug|Any CPU
		{DDBB1BF7-D022-4505-A442-EBE1D8919493}.Release|Any CPU.ActiveCfg = Release|Any CPU
		{DDBB1BF7-D022-4505-A442-EBE1D8919493}.Release|Any CPU.Build.0 = Release|Any CPU
	EndGlobalSection
	GlobalSection(SolutionProperties) = preSolution
		HideSolutionNode = FALSE
	EndGlobalSection
	GlobalSection(ExtensibilityGlobals) = postSolution
		SolutionGuid = {085CF39D-FB4A-4F90-8802-F44806ABC68D}
	EndGlobalSection
EndGlobal
